// !$*UTF8*$!
{
	archiveVersion = 1;
	classes = {
	};
	objectVersion = 48;
	objects = {

/* Begin PBXBuildFile section */
		D51F5DE11FD6DBCA00130F9E /* AppDelegate.swift in Sources */ = {isa = PBXBuildFile; fileRef = D51F5DE01FD6DBCA00130F9E /* AppDelegate.swift */; };
		D51F5DE61FD6DBCA00130F9E /* Main.storyboard in Resources */ = {isa = PBXBuildFile; fileRef = D51F5DE41FD6DBCA00130F9E /* Main.storyboard */; };
		D51F5DE81FD6DBCA00130F9E /* Assets.xcassets in Resources */ = {isa = PBXBuildFile; fileRef = D51F5DE71FD6DBCA00130F9E /* Assets.xcassets */; };
		D51F5DEB1FD6DBCA00130F9E /* LaunchScreen.storyboard in Resources */ = {isa = PBXBuildFile; fileRef = D51F5DE91FD6DBCA00130F9E /* LaunchScreen.storyboard */; };
		D54C12861FD7A7590084C90E /* Concentration.swift in Sources */ = {isa = PBXBuildFile; fileRef = D54C12851FD7A7590084C90E /* Concentration.swift */; };
		D54C12881FD7A84A0084C90E /* Card.swift in Sources */ = {isa = PBXBuildFile; fileRef = D54C12871FD7A84A0084C90E /* Card.swift */; };
		D5F4E5291FD912180017BB8C /* ViewController.swift in Sources */ = {isa = PBXBuildFile; fileRef = D5F4E5281FD912180017BB8C /* ViewController.swift */; };
/* End PBXBuildFile section */

/* Begin PBXFileReference section */
		D51F5DDD1FD6DBCA00130F9E /* Concentration.app */ = {isa = PBXFileReference; explicitFileType = wrapper.application; includeInIndex = 0; path = Concentration.app; sourceTree = BUILT_PRODUCTS_DIR; };
		D51F5DE01FD6DBCA00130F9E /* AppDelegate.swift */ = {isa = PBXFileReference; lastKnownFileType = sourcecode.swift; path = AppDelegate.swift; sourceTree = "<group>"; };
		D51F5DE51FD6DBCA00130F9E /* Base */ = {isa = PBXFileReference; lastKnownFileType = file.storyboard; name = Base; path = Base.lproj/Main.storyboard; sourceTree = "<group>"; };
		D51F5DE71FD6DBCA00130F9E /* Assets.xcassets */ = {isa = PBXFileReference; lastKnownFileType = folder.assetcatalog; path = Assets.xcassets; sourceTree = "<group>"; };
		D51F5DEA1FD6DBCA00130F9E /* Base */ = {isa = PBXFileReference; lastKnownFileType = file.storyboard; name = Base; path = Base.lproj/LaunchScreen.storyboard; sourceTree = "<group>"; };
		D51F5DEC1FD6DBCA00130F9E /* Info.plist */ = {isa = PBXFileReference; lastKnownFileType = text.plist.xml; path = Info.plist; sourceTree = "<group>"; };
		D54C12851FD7A7590084C90E /* Concentration.swift */ = {isa = PBXFileReference; lastKnownFileType = sourcecode.swift; path = Concentration.swift; sourceTree = "<group>"; };
		D54C12871FD7A84A0084C90E /* Card.swift */ = {isa = PBXFileReference; lastKnownFileType = sourcecode.swift; path = Card.swift; sourceTree = "<group>"; };
		D5F4E5281FD912180017BB8C /* ViewController.swift */ = {isa = PBXFileReference; fileEncoding = 4; lastKnownFileType = sourcecode.swift; path = ViewController.swift; sourceTree = "<group>"; };
/* End PBXFileReference section */

/* Begin PBXFrameworksBuildPhase section */
		D51F5DDA1FD6DBCA00130F9E /* Frameworks */ = {
			isa = PBXFrameworksBuildPhase;
			buildActionMask = 2147483647;
			files = (
			);
			runOnlyForDeploymentPostprocessing = 0;
		};
/* End PBXFrameworksBuildPhase section */

/* Begin PBXGroup section */
		D51F5DD41FD6DBC900130F9E = {
			isa = PBXGroup;
			children = (
				D51F5DDF1FD6DBCA00130F9E /* Concentration */,
				D51F5DDE1FD6DBCA00130F9E /* Products */,
			);
			sourceTree = "<group>";
		};
		D51F5DDE1FD6DBCA00130F9E /* Products */ = {
			isa = PBXGroup;
			children = (
				D51F5DDD1FD6DBCA00130F9E /* Concentration.app */,
			);
			name = Products;
			sourceTree = "<group>";
		};
		D51F5DDF1FD6DBCA00130F9E /* Concentration */ = {
			isa = PBXGroup;
			children = (
				D5F4E5281FD912180017BB8C /* ViewController.swift */,
				D54C12871FD7A84A0084C90E /* Card.swift */,
				D54C12851FD7A7590084C90E /* Concentration.swift */,
				D51F5DF21FD6DC5C00130F9E /* Supporting Files */,
				D51F5DE41FD6DBCA00130F9E /* Main.storyboard */,
				D51F5DEC1FD6DBCA00130F9E /* Info.plist */,
			);
			path = Concentration;
			sourceTree = "<group>";
		};
		D51F5DF21FD6DC5C00130F9E /* Supporting Files */ = {
			isa = PBXGroup;
			children = (
				D51F5DE01FD6DBCA00130F9E /* AppDelegate.swift */,
				D51F5DE71FD6DBCA00130F9E /* Assets.xcassets */,
				D51F5DE91FD6DBCA00130F9E /* LaunchScreen.storyboard */,
			);
			path = "Supporting Files";
			sourceTree = "<group>";
		};
/* End PBXGroup section */

/* Begin PBXNativeTarget section */
		D51F5DDC1FD6DBCA00130F9E /* Concentration */ = {
			isa = PBXNativeTarget;
			buildConfigurationList = D51F5DEF1FD6DBCA00130F9E /* Build configuration list for PBXNativeTarget "Concentration" */;
			buildPhases = (
				D51F5DD91FD6DBCA00130F9E /* Sources */,
				D51F5DDA1FD6DBCA00130F9E /* Frameworks */,
				D51F5DDB1FD6DBCA00130F9E /* Resources */,
			);
			buildRules = (
			);
			dependencies = (
			);
			name = Concentration;
			productName = Concentration;
			productReference = D51F5DDD1FD6DBCA00130F9E /* Concentration.app */;
			productType = "com.apple.product-type.application";
		};
/* End PBXNativeTarget section */

/* Begin PBXProject section */
		D51F5DD51FD6DBC900130F9E /* Project object */ = {
			isa = PBXProject;
			attributes = {
				LastSwiftUpdateCheck = 0920;
				LastUpgradeCheck = 0920;
				ORGANIZATIONNAME = phx;
				TargetAttributes = {
					D51F5DDC1FD6DBCA00130F9E = {
						CreatedOnToolsVersion = 9.2;
						ProvisioningStyle = Manual;
					};
				};
			};
			buildConfigurationList = D51F5DD81FD6DBC900130F9E /* Build configuration list for PBXProject "Concentration" */;
			compatibilityVersion = "Xcode 8.0";
			developmentRegion = en;
			hasScannedForEncodings = 0;
			knownRegions = (
				en,
				Base,
			);
			mainGroup = D51F5DD41FD6DBC900130F9E;
			productRefGroup = D51F5DDE1FD6DBCA00130F9E /* Products */;
			projectDirPath = "";
			projectRoot = "";
			targets = (
				D51F5DDC1FD6DBCA00130F9E /* Concentration */,
			);
		};
/* End PBXProject section */

/* Begin PBXResourcesBuildPhase section */
		D51F5DDB1FD6DBCA00130F9E /* Resources */ = {
			isa = PBXResourcesBuildPhase;
			buildActionMask = 2147483647;
			files = (
				D51F5DEB1FD6DBCA00130F9E /* LaunchScreen.storyboard in Resources */,
				D51F5DE81FD6DBCA00130F9E /* Assets.xcassets in Resources */,
				D51F5DE61FD6DBCA00130F9E /* Main.storyboard in Resources */,
			);
			runOnlyForDeploymentPostprocessing = 0;
		};
/* End PBXResourcesBuildPhase section */

/* Begin PBXSourcesBuildPhase section */
		D51F5DD91FD6DBCA00130F9E /* Sources */ = {
			isa = PBXSourcesBuildPhase;
			buildActionMask = 2147483647;
			files = (
				D51F5DE11FD6DBCA00130F9E /* AppDelegate.swift in Sources */,
				D54C12861FD7A7590084C90E /* Concentration.swift in Sources */,
				D5F4E5291FD912180017BB8C /* ViewController.swift in Sources */,
				D54C12881FD7A84A0084C90E /* Card.swift in Sources */,
			);
			runOnlyForDeploymentPostprocessing = 0;
		};
/* End PBXSourcesBuildPhase section */

/* Begin PBXVariantGroup section */
		D51F5DE41FD6DBCA00130F9E /* Main.storyboard */ = {
			isa = PBXVariantGroup;
			children = (
				D51F5DE51FD6DBCA00130F9E /* Base */,
			);
			name = Main.storyboard;
			sourceTree = "<group>";
		};
		D51F5DE91FD6DBCA00130F9E /* LaunchScreen.storyboard */ = {
			isa = PBXVariantGroup;
			children = (
				D51F5DEA1FD6DBCA00130F9E /* Base */,
			);
			name = LaunchScreen.storyboard;
			sourceTree = "<group>";
		};
/* End PBXVariantGroup section */

/* Begin XCBuildConfiguration section */
		D51F5DED1FD6DBCA00130F9E /* Debug */ = {
			isa = XCBuildConfiguration;
			buildSettings = {
				ALWAYS_SEARCH_USER_PATHS = NO;
				CLANG_ANALYZER_NONNULL = YES;
				CLANG_ANALYZER_NUMBER_OBJECT_CONVERSION = YES_AGGRESSIVE;
				CLANG_CXX_LANGUAGE_STANDARD = "gnu++14";
				CLANG_CXX_LIBRARY = "libc++";
				CLANG_ENABLE_MODULES = YES;
				CLANG_ENABLE_OBJC_ARC = YES;
				CLANG_WARN_BLOCK_CAPTURE_AUTORELEASING = YES;
				CLANG_WARN_BOOL_CONVERSION = YES;
				CLANG_WARN_COMMA = YES;
				CLANG_WARN_CONSTANT_CONVERSION = YES;
				CLANG_WARN_DIRECT_OBJC_ISA_USAGE = YES_ERROR;
				CLANG_WARN_DOCUMENTATION_COMMENTS = YES;
				CLANG_WARN_EMPTY_BODY = YES;
				CLANG_WARN_ENUM_CONVERSION = YES;
				CLANG_WARN_INFINITE_RECURSION = YES;
				CLANG_WARN_INT_CONVERSION = YES;
				CLANG_WARN_NON_LITERAL_NULL_CONVERSION = YES;
				CLANG_WARN_OBJC_LITERAL_CONVERSION = YES;
				CLANG_WARN_OBJC_ROOT_CLASS = YES_ERROR;
				CLANG_WARN_RANGE_LOOP_ANALYSIS = YES;
				CLANG_WARN_STRICT_PROTOTYPES = YES;
				CLANG_WARN_SUSPICIOUS_MOVE = YES;
				CLANG_WARN_UNGUARDED_AVAILABILITY = YES_AGGRESSIVE;
				CLANG_WARN_UNREACHABLE_CODE = YES;
				CLANG_WARN__DUPLICATE_METHOD_MATCH = YES;
				CODE_SIGN_IDENTITY = "iPhone Developer";
				COPY_PHASE_STRIP = NO;
				DEBUG_INFORMATION_FORMAT = dwarf;
				ENABLE_STRICT_OBJC_MSGSEND = YES;
				ENABLE_TESTABILITY = YES;
				GCC_C_LANGUAGE_STANDARD = gnu11;
				GCC_DYNAMIC_NO_PIC = NO;
				GCC_NO_COMMON_BLOCKS = YES;
				GCC_OPTIMIZATION_LEVEL = 0;
				GCC_PREPROCESSOR_DEFINITIONS = (
					"DEBUG=1",
					"$(inherited)",
				);
				GCC_WARN_64_TO_32_BIT_CONVERSION = YES;
				GCC_WARN_ABOUT_RETURN_TYPE = YES_ERROR;
				GCC_WARN_UNDECLARED_SELECTOR = YES;
				GCC_WARN_UNINITIALIZED_AUTOS = YES_AGGRESSIVE;
				GCC_WARN_UNUSED_FUNCTION = YES;
				GCC_WARN_UNUSED_VARIABLE = YES;
				IPHONEOS_DEPLOYMENT_TARGET = 11.2;
				MTL_ENABLE_DEBUG_INFO = YES;
				ONLY_ACTIVE_ARCH = YES;
				SDKROOT = iphoneos;
				SWIFT_ACTIVE_COMPILATION_CONDITIONS = DEBUG;
				SWIFT_OPTIMIZATION_LEVEL = "-Onone";
			};
			name = Debug;
		};
		D51F5DEE1FD6DBCA00130F9E /* Release */ = {
			isa = XCBuildConfiguration;
			buildSettings = {
				ALWAYS_SEARCH_USER_PATHS = NO;
				CLANG_ANALYZER_NONNULL = YES;
				CLANG_ANALYZER_NUMBER_OBJECT_CONVERSION = YES_AGGRESSIVE;
				CLANG_CXX_LANGUAGE_STANDARD = "gnu++14";
				CLANG_CXX_LIBRARY = "libc++";
				CLANG_ENABLE_MODULES = YES;
				CLANG_ENABLE_OBJC_ARC = YES;
				CLANG_WARN_BLOCK_CAPTURE_AUTORELEASING = YES;
				CLANG_WARN_BOOL_CONVERSION = YES;
				CLANG_WARN_COMMA = YES;
				CLANG_WARN_CONSTANT_CONVERSION = YES;
				CLANG_WARN_DIRECT_OBJC_ISA_USAGE = YES_ERROR;
				CLANG_WARN_DOCUMENTATION_COMMENTS = YES;
				CLANG_WARN_EMPTY_BODY = YES;
				CLANG_WARN_ENUM_CONVERSION = YES;
				CLANG_WARN_INFINITE_RECURSION = YES;
				CLANG_WARN_INT_CONVERSION = YES;
				CLANG_WARN_NON_LITERAL_NULL_CONVERSION = YES;
				CLANG_WARN_OBJC_LITERAL_CONVERSION = YES;
				CLANG_WARN_OBJC_ROOT_CLASS = YES_ERROR;
				CLANG_WARN_RANGE_LOOP_ANALYSIS = YES;
				CLANG_WARN_STRICT_PROTOTYPES = YES;
				CLANG_WARN_SUSPICIOUS_MOVE = YES;
				CLANG_WARN_UNGUARDED_AVAILABILITY = YES_AGGRESSIVE;
				CLANG_WARN_UNREACHABLE_CODE = YES;
				CLANG_WARN__DUPLICATE_METHOD_MATCH = YES;
				CODE_SIGN_IDENTITY = "iPhone Developer";
				COPY_PHASE_STRIP = NO;
				DEBUG_INFORMATION_FORMAT = "dwarf-with-dsym";
				ENABLE_NS_ASSERTIONS = NO;
				ENABLE_STRICT_OBJC_MSGSEND = YES;
				GCC_C_LANGUAGE_STANDARD = gnu11;
				GCC_NO_COMMON_BLOCKS = YES;
				GCC_WARN_64_TO_32_BIT_CONVERSION = YES;
				GCC_WARN_ABOUT_RETURN_TYPE = YES_ERROR;
				GCC_WARN_UNDECLARED_SELECTOR = YES;
				GCC_WARN_UNINITIALIZED_AUTOS = YES_AGGRESSIVE;
				GCC_WARN_UNUSED_FUNCTION = YES;
				GCC_WARN_UNUSED_VARIABLE = YES;
				IPHONEOS_DEPLOYMENT_TARGET = 11.2;
				MTL_ENABLE_DEBUG_INFO = NO;
				SDKROOT = iphoneos;
				SWIFT_OPTIMIZATION_LEVEL = "-Owholemodule";
				VALIDATE_PRODUCT = YES;
			};
			name = Release;
		};
		D51F5DF01FD6DBCA00130F9E /* Debug */ = {
			isa = XCBuildConfiguration;
			buildSettings = {
				ASSETCATALOG_COMPILER_APPICON_NAME = AppIcon;
				CODE_SIGN_STYLE = Manual;
				DEVELOPMENT_TEAM = "";
				INFOPLIST_FILE = Concentration/Info.plist;
				LD_RUNPATH_SEARCH_PATHS = "$(inherited) @executable_path/Frameworks";
				PRODUCT_BUNDLE_IDENTIFIER = tempe.Concentration;
				PRODUCT_NAME = "$(TARGET_NAME)";
				PROVISIONING_PROFILE_SPECIFIER = "";
				SWIFT_VERSION = 4.0;
				TARGETED_DEVICE_FAMILY = "1,2";
			};
			name = Debug;
		};
		D51F5DF11FD6DBCA00130F9E /* Release */ = {
			isa = XCBuildConfiguration;
			buildSettings = {
				ASSETCATALOG_COMPILER_APPICON_NAME = AppIcon;
				CODE_SIGN_STYLE = Manual;
				DEVELOPMENT_TEAM = "";
				INFOPLIST_FILE = Concentration/Info.plist;
				LD_RUNPATH_SEARCH_PATHS = "$(inherited) @executable_path/Frameworks";
				PRODUCT_BUNDLE_IDENTIFIER = tempe.Concentration;
				PRODUCT_NAME = "$(TARGET_NAME)";
				PROVISIONING_PROFILE_SPECIFIER = "";
				SWIFT_VERSION = 4.0;
				TARGETED_DEVICE_FAMILY = "1,2";
			};
			name = Release;
		};
/* End XCBuildConfiguration section */

/* Begin XCConfigurationList section */
		D51F5DD81FD6DBC900130F9E /* Build configuration list for PBXProject "Concentration" */ = {
			isa = XCConfigurationList;
			buildConfigurations = (
				D51F5DED1FD6DBCA00130F9E /* Debug */,
				D51F5DEE1FD6DBCA00130F9E /* Release */,
			);
			defaultConfigurationIsVisible = 0;
			defaultConfigurationName = Release;
		};
		D51F5DEF1FD6DBCA00130F9E /* Build configuration list for PBXNativeTarget "Concentration" */ = {
			isa = XCConfigurationList;
			buildConfigurations = (
				D51F5DF01FD6DBCA00130F9E /* Debug */,
				D51F5DF11FD6DBCA00130F9E /* Release */,
			);
			defaultConfigurationIsVisible = 0;
			defaultConfigurationName = Release;
		};
/* End XCConfigurationList section */
	};
	rootObject = D51F5DD51FD6DBC900130F9E /* Project object */;
}
